
Microsoft Visual Studio Solution File, Format Version 12.00
# Visual Studio 2015
Project("{FAE04EC0-301F-11D3-BF4B-00C04F79EFBC}") = "vrmultiplayer.CSharp.Plugins", "vrmultiplayer.CSharp.Plugins.csproj", "{BEA27DC7-9889-047B-CB39-6E7CC7A96367}"
EndProject
Project("{FAE04EC0-301F-11D3-BF4B-00C04F79EFBC}") = "vrmultiplayer.CSharp", "vrmultiplayer.CSharp.csproj", "{4A855770-5755-C321-68E6-E213ECE1B2A2}"
EndProject
Project("{FAE04EC0-301F-11D3-BF4B-00C04F79EFBC}") = "vrmultiplayer.CSharp.Editor.Plugins", "vrmultiplayer.CSharp.Editor.Plugins.csproj", "{C9219E28-2E17-E124-4360-57977095C392}"
EndProject
Project("{FAE04EC0-301F-11D3-BF4B-00C04F79EFBC}") = "vrmultiplayer.CSharp.Editor", "vrmultiplayer.CSharp.Editor.csproj", "{66A4D51B-3F13-16C2-4108-FE3A54628376}"
EndProject
Global
	GlobalSection(SolutionConfigurationPlatforms) = preSolution
		Debug|Any CPU = Debug|Any CPU
		Release|Any CPU = Release|Any CPU
	EndGlobalSection
	GlobalSection(ProjectConfigurationPlatforms) = postSolution
		{BEA27DC7-9889-047B-CB39-6E7CC7A96367}.Debug|Any CPU.ActiveCfg = Debug|Any CPU
		{BEA27DC7-9889-047B-CB39-6E7CC7A96367}.Debug|Any CPU.Build.0 = Debug|Any CPU
		{BEA27DC7-9889-047B-CB39-6E7CC7A96367}.Release|Any CPU.ActiveCfg = Release|Any CPU
		{BEA27DC7-9889-047B-CB39-6E7CC7A96367}.Release|Any CPU.Build.0 = Release|Any CPU
		{4A855770-5755-C321-68E6-E213ECE1B2A2}.Debug|Any CPU.ActiveCfg = Debug|Any CPU
		{4A855770-5755-C321-68E6-E213ECE1B2A2}.Debug|Any CPU.Build.0 = Debug|Any CPU
		{4A855770-5755-C321-68E6-E213ECE1B2A2}.Release|Any CPU.ActiveCfg = Release|Any CPU
		{4A855770-5755-C321-68E6-E213ECE1B2A2}.Release|Any CPU.Build.0 = Release|Any CPU
		{C9219E28-2E17-E124-4360-57977095C392}.Debug|Any CPU.ActiveCfg = Debug|Any CPU
		{C9219E28-2E17-E124-4360-57977095C392}.Debug|Any CPU.Build.0 = Debug|Any CPU
		{C9219E28-2E17-E124-4360-57977095C392}.Release|Any CPU.ActiveCfg = Release|Any CPU
		{C9219E28-2E17-E124-4360-57977095C392}.Release|Any CPU.Build.0 = Release|Any CPU
		{66A4D51B-3F13-16C2-4108-FE3A54628376}.Debug|Any CPU.ActiveCfg = Debug|Any CPU
		{66A4D51B-3F13-16C2-4108-FE3A54628376}.Debug|Any CPU.Build.0 = Debug|Any CPU
		{66A4D51B-3F13-16C2-4108-FE3A54628376}.Release|Any CPU.ActiveCfg = Release|Any CPU
		{66A4D51B-3F13-16C2-4108-FE3A54628376}.Release|Any CPU.Build.0 = Release|Any CPU
	EndGlobalSection
	GlobalSection(SolutionProperties) = preSolution
		HideSolutionNode = FALSE
	EndGlobalSection
EndGlobal
